{
    "_readme": [
        "This file locks the dependencies of your project to a known state",
        "Read more about it at https://getcomposer.org/doc/01-basic-usage.md#installing-dependencies",
        "This file is @generated automatically"
    ],
    "content-hash": "62261443ecae4835b6be4d9387f8d550",
    "packages": [
        {
            "name": "filippo-toso/p7m-extractor",
            "version": "v1.0.2",
            "source": {
                "type": "git",
                "url": "https://github.com/filippotoso/p7m-extractor.git",
                "reference": "b0636c0abc23e1bb20cf062f7bdbbb7fd527617d"
            },
            "dist": {
                "type": "zip",
                "url": "https://api.github.com/repos/filippotoso/p7m-extractor/zipball/b0636c0abc23e1bb20cf062f7bdbbb7fd527617d",
                "reference": "b0636c0abc23e1bb20cf062f7bdbbb7fd527617d",
                "shasum": ""
            },
            "require": {
                "php": "^7.0",
                "symfony/process": "^3.3|^4.0"
            },
            "type": "library",
            "autoload": {
                "psr-4": {
                    "FilippoToso\\P7MExtractor\\": "src"
                }
            },
            "notification-url": "https://packagist.org/downloads/",
            "license": [
                "MIT"
            ],
            "authors": [
                {
                    "name": "Filippo Toso",
                    "email": "filippo.toso@creativepark.it"
                }
            ],
            "description": "A simple class that allows to extract the original file from a signed p7m file.",
            "time": "2019-01-13T08:30:59+00:00"
        },
        {
            "name": "symfony/process",
            "version": "v4.2.4",
            "source": {
                "type": "git",
                "url": "https://github.com/symfony/process.git",
                "reference": "6c05edb11fbeff9e2b324b4270ecb17911a8b7ad"
            },
            "dist": {
                "type": "zip",
                "url": "https://api.github.com/repos/symfony/process/zipball/6c05edb11fbeff9e2b324b4270ecb17911a8b7ad",
                "reference": "6c05edb11fbeff9e2b324b4270ecb17911a8b7ad",
                "shasum": ""
            },
            "require": {
                "php": "^7.1.3"
            },
            "type": "library",
            "extra": {
                "branch-alias": {
                    "dev-master": "4.2-dev"
                }
            },
            "autoload": {
                "psr-4": {
                    "Symfony\\Component\\Process\\": ""
                },
                "exclude-from-classmap": [
                    "/Tests/"
                ]
            },
            "notification-url": "https://packagist.org/downloads/",
            "license": [
                "MIT"
            ],
            "authors": [
                {
                    "name": "Fabien Potencier",
                    "email": "fabien@symfony.com"
                },
                {
                    "name": "Symfony Community",
                    "homepage": "https://symfony.com/contributors"
                }
            ],
            "description": "Symfony Process Component",
            "homepage": "https://symfony.com",
            "time": "2019-01-24T22:05:03+00:00"
        }
    ],
    "packages-dev": [],
    "aliases": [],
    "minimum-stability": "stable",
    "stability-flags": [],
    "prefer-stable": false,
    "prefer-lowest": false,
    "platform": [],
    "platform-dev": []
}
